
Microsoft Visual Studio Solution File, Format Version 12.00
# Visual Studio Version 17
VisualStudioVersion = 17.10.35122.118
MinimumVisualStudioVersion = 10.0.40219.1
Project("{FAE04EC0-301F-11D3-BF4B-00C04F79EFBC}") = "e commerce system", "e commerce system\e commerce system.csproj", "{4173B2E4-2997-4F34-810E-95DA010B35C9}"
EndProject
Global
	GlobalSection(SolutionConfigurationPlatforms) = preSolution
		Debug|Any CPU = Debug|Any CPU
		Release|Any CPU = Release|Any CPU
	EndGlobalSection
	GlobalSection(ProjectConfigurationPlatforms) = postSolution
		{4173B2E4-2997-4F34-810E-95DA010B35C9}.Debug|Any CPU.ActiveCfg = Debug|Any CPU
		{4173B2E4-2997-4F34-810E-95DA010B35C9}.Debug|Any CPU.Build.0 = Debug|Any CPU
		{4173B2E4-2997-4F34-810E-95DA010B35C9}.Release|Any CPU.ActiveCfg = Release|Any CPU
		{4173B2E4-2997-4F34-810E-95DA010B35C9}.Release|Any CPU.Build.0 = Release|Any CPU
	EndGlobalSection
	GlobalSection(SolutionProperties) = preSolution
		HideSolutionNode = FALSE
	EndGlobalSection
	GlobalSection(ExtensibilityGlobals) = postSolution
		SolutionGuid = {ED9D4DAF-B9B0-429A-929B-5C6D9948FF77}
	EndGlobalSection
EndGlobal
